
Microsoft Visual Studio Solution File, Format Version 12.00
# Visual Studio Version 16
VisualStudioVersion = 16.0.30907.101
MinimumVisualStudioVersion = 10.0.40219.1
Project("{9A19103F-16F7-4668-BE54-9A1E7A4F7556}") = "Entities", "Entities\Entities.csproj", "{2F7C8DB6-B133-44DD-AC5B-8417FC0B56DB}"
EndProject
Project("{9A19103F-16F7-4668-BE54-9A1E7A4F7556}") = "DataAccess", "DataAccess\DataAccess.csproj", "{13A827AA-AE8A-421D-B9CE-F11821FF85C5}"
EndProject
Project("{9A19103F-16F7-4668-BE54-9A1E7A4F7556}") = "Business", "Business\Business.csproj", "{74D08495-8336-4EE6-A913-59F13BA11509}"
EndProject
Project("{9A19103F-16F7-4668-BE54-9A1E7A4F7556}") = "ConsoleUI", "ConsoleUI\ConsoleUI.csproj", "{FE35B129-F100-4052-8641-673EB5F60E77}"
EndProject
Global
	GlobalSection(SolutionConfigurationPlatforms) = preSolution
		Debug|Any CPU = Debug|Any CPU
		Release|Any CPU = Release|Any CPU
	EndGlobalSection
	GlobalSection(ProjectConfigurationPlatforms) = postSolution
		{2F7C8DB6-B133-44DD-AC5B-8417FC0B56DB}.Debug|Any CPU.ActiveCfg = Debug|Any CPU
		{2F7C8DB6-B133-44DD-AC5B-8417FC0B56DB}.Debug|Any CPU.Build.0 = Debug|Any CPU
		{2F7C8DB6-B133-44DD-AC5B-8417FC0B56DB}.Release|Any CPU.ActiveCfg = Release|Any CPU
		{2F7C8DB6-B133-44DD-AC5B-8417FC0B56DB}.Release|Any CPU.Build.0 = Release|Any CPU
		{13A827AA-AE8A-421D-B9CE-F11821FF85C5}.Debug|Any CPU.ActiveCfg = Debug|Any CPU
		{13A827AA-AE8A-421D-B9CE-F11821FF85C5}.Debug|Any CPU.Build.0 = Debug|Any CPU
		{13A827AA-AE8A-421D-B9CE-F11821FF85C5}.Release|Any CPU.ActiveCfg = Release|Any CPU
		{13A827AA-AE8A-421D-B9CE-F11821FF85C5}.Release|Any CPU.Build.0 = Release|Any CPU
		{74D08495-8336-4EE6-A913-59F13BA11509}.Debug|Any CPU.ActiveCfg = Debug|Any CPU
		{74D08495-8336-4EE6-A913-59F13BA11509}.Debug|Any CPU.Build.0 = Debug|Any CPU
		{74D08495-8336-4EE6-A913-59F13BA11509}.Release|Any CPU.ActiveCfg = Release|Any CPU
		{74D08495-8336-4EE6-A913-59F13BA11509}.Release|Any CPU.Build.0 = Release|Any CPU
		{FE35B129-F100-4052-8641-673EB5F60E77}.Debug|Any CPU.ActiveCfg = Debug|Any CPU
		{FE35B129-F100-4052-8641-673EB5F60E77}.Debug|Any CPU.Build.0 = Debug|Any CPU
		{FE35B129-F100-4052-8641-673EB5F60E77}.Release|Any CPU.ActiveCfg = Release|Any CPU
		{FE35B129-F100-4052-8641-673EB5F60E77}.Release|Any CPU.Build.0 = Release|Any CPU
	EndGlobalSection
	GlobalSection(SolutionProperties) = preSolution
		HideSolutionNode = FALSE
	EndGlobalSection
	GlobalSection(ExtensibilityGlobals) = postSolution
		SolutionGuid = {F16682DF-B45E-47C8-8974-0B06AC8BF097}
	EndGlobalSection
EndGlobal
